<?xml version="1.0" encoding="utf-8"?>
<Project ToolsVersion="4.0" xmlns="http://schemas.microsoft.com/developer/msbuild/2003">
  <ItemGroup>
    <Filter Include="Source Files">
      <UniqueIdentifier>{4FC737F1-C7A5-4376-A066-2A32D752A2FF}</UniqueIdentifier>
      <Extensions>cpp;c;cc;cxx;def;odl;idl;hpj;bat;asm;asmx</Extensions>
    </Filter>
    <Filter Include="Header Files">
      <UniqueIdentifier>{93995380-89BD-4b04-88EB-625FBE52EBFB}</UniqueIdentifier>
      <Extensions>h;hh;hpp;hxx;hm;inl;inc;xsd</Extensions>
    </Filter>
    <Filter Include="Resource Files">
      <UniqueIdentifier>{67DA6AB6-F800-4c08-8B7A-83BB121AAD01}</UniqueIdentifier>
      <Extensions>rc;ico;cur;bmp;dlg;rc2;rct;bin;rgs;gif;jpg;jpeg;jpe;resx;tiff;tif;png;wav</Extensions>
    </Filter>
  </ItemGroup>
  <ItemGroup>
    <ClInclude Include="algorithms\BDOpenClosed.h">
      <Filter>Header Files</Filter>
    </ClInclude>
    <ClInclude Include="algorithms\DVCBSOpenClosed.h">
      <Filter>Header Files</Filter>
    </ClInclude>
    <ClInclude Include="algorithms\DVCBSQueue.h">
      <Filter>Header Files</Filter>
    </ClInclude>
    <ClInclude Include="algorithms\NBSQueue.h">
      <Filter>Header Files</Filter>
    </ClInclude>
    <ClInclude Include="apps\bidirectional\NBSQueueGF.h">
      <Filter>Header Files</Filter>
    </ClInclude>
    <ClInclude Include="generic\DVCBS.h">
      <Filter>Header Files</Filter>
    </ClInclude>
    <ClInclude Include="generic\NBS.h">
      <Filter>Header Files</Filter>
    </ClInclude>
    <ClInclude Include="utils\FPUtil.h">
      <Filter>Header Files</Filter>
    </ClInclude>
    <ClInclude Include="algorithms\AStarOpenClosed.h">
      <Filter>Header Files</Filter>
    </ClInclude>
    <ClInclude Include="envutil\STPInstances.h">
      <Filter>Header Files</Filter>
    </ClInclude>
    <ClInclude Include="environments\MNPuzzle.h">
      <Filter>Header Files</Filter>
    </ClInclude>
    <ClInclude Include="graph\Graph.h">
      <Filter>Header Files</Filter>
    </ClInclude>
    <ClInclude Include="search\MR1PermutationPDB.h">
      <Filter>Header Files</Filter>
    </ClInclude>
    <ClInclude Include="search\PermutationPDB.h">
      <Filter>Header Files</Filter>
    </ClInclude>
    <ClInclude Include="generic\TemplateAStar.h">
      <Filter>Header Files</Filter>
    </ClInclude>
    <ClInclude Include="search\Constraint.h">
      <Filter>Header Files</Filter>
    </ClInclude>
    <ClInclude Include="algorithms\BucketOpenClosed.h">
      <Filter>Header Files</Filter>
    </ClInclude>
    <ClInclude Include="environments\PermutationPuzzleEnvironment.h">
      <Filter>Header Files</Filter>
    </ClInclude>
    <ClInclude Include="search\SearchEnvironment.h">
      <Filter>Header Files</Filter>
    </ClInclude>
    <ClInclude Include="utils\Timer.h">
      <Filter>Header Files</Filter>
    </ClInclude>
    <ClInclude Include="utils\RangeCompression.h">
      <Filter>Header Files</Filter>
    </ClInclude>
    <ClInclude Include="utils\SharedQueue.h">
      <Filter>Header Files</Filter>
    </ClInclude>
    <ClInclude Include="utils\MR1Permutation.h">
      <Filter>Header Files</Filter>
    </ClInclude>
    <ClInclude Include="search\Heuristic.h">
      <Filter>Header Files</Filter>
    </ClInclude>
    <ClInclude Include="utils\StatCollection.h">
      <Filter>Header Files</Filter>
    </ClInclude>
    <ClInclude Include="abstraction\GraphAbstraction.h">
      <Filter>Header Files</Filter>
    </ClInclude>
    <ClInclude Include="graphalgorithms\Path.h">
      <Filter>Header Files</Filter>
    </ClInclude>
    <ClInclude Include="simulation\OccupancyInterface.h">
      <Filter>Header Files</Filter>
    </ClInclude>
    <ClInclude Include="simulation\SimulationInfo.h">
      <Filter>Header Files</Filter>
    </ClInclude>
    <ClInclude Include="simulation\ReservationProvider.h">
      <Filter>Header Files</Filter>
    </ClInclude>
    <ClInclude Include="generic\GenericSearchAlgorithm.h">
      <Filter>Header Files</Filter>
    </ClInclude>
    <ClInclude Include="generic\MM.h">
      <Filter>Header Files</Filter>
    </ClInclude>
    <ClInclude Include="generic\WeightedVertexGraph.h">
      <Filter>Header Files</Filter>
    </ClInclude>
    <ClInclude Include="utils\StringUtils.h">
      <Filter>Header Files</Filter>
    </ClInclude>
    <ClInclude Include="search\LexPermutationPDB.h">
      <Filter>Header Files</Filter>
    </ClInclude>
    <ClInclude Include="apps\bidirectional\BSStar.h">
      <Filter>Header Files</Filter>
    </ClInclude>
    <ClInclude Include="utils\NBitArray.h">
      <Filter>Header Files</Filter>
    </ClInclude>
  </ItemGroup>
  <ItemGroup>
    <ClCompile Include="apps\bidirectional\BidirSTP.cpp">
      <Filter>Source Files</Filter>
    </ClCompile>
    <ClCompile Include="envutil\STPInstances.cpp">
      <Filter>Source Files</Filter>
    </ClCompile>
    <ClCompile Include="graph\Graph.cpp">
      <Filter>Source Files</Filter>
    </ClCompile>
    <ClCompile Include="utils\Timer.cpp">
      <Filter>Source Files</Filter>
    </ClCompile>
    <ClCompile Include="utils\RangeCompression.cpp">
      <Filter>Source Files</Filter>
    </ClCompile>
    <ClCompile Include="utils\MR1Permutation.cpp">
      <Filter>Source Files</Filter>
    </ClCompile>
    <ClCompile Include="utils\StatCollection.cpp">
      <Filter>Source Files</Filter>
    </ClCompile>
    <ClCompile Include="abstraction\GraphAbstraction.cpp">
      <Filter>Source Files</Filter>
    </ClCompile>
    <ClCompile Include="graphalgorithms\Path.cpp">
      <Filter>Source Files</Filter>
    </ClCompile>
    <ClCompile Include="utils\StringUtils.cpp">
      <Filter>Source Files</Filter>
    </ClCompile>
    <ClCompile Include="utils\NBitArray.cpp">
      <Filter>Header Files</Filter>
    </ClCompile>
  </ItemGroup>
</Project>